
Microsoft Visual Studio Solution File, Format Version 12.00
# Visual Studio Version 16
VisualStudioVersion = 16.0.33529.622
MinimumVisualStudioVersion = 10.0.40219.1
Project("{FAE04EC0-301F-11D3-BF4B-00C04F79EFBC}") = "лр28", "лр28\лр28.csproj", "{0B5E8F7C-7747-42BF-86CB-74E5A3534599}"
EndProject
Global
	GlobalSection(SolutionConfigurationPlatforms) = preSolution
		Debug|Any CPU = Debug|Any CPU
		Release|Any CPU = Release|Any CPU
	EndGlobalSection
	GlobalSection(ProjectConfigurationPlatforms) = postSolution
		{0B5E8F7C-7747-42BF-86CB-74E5A3534599}.Debug|Any CPU.ActiveCfg = Debug|Any CPU
		{0B5E8F7C-7747-42BF-86CB-74E5A3534599}.Debug|Any CPU.Build.0 = Debug|Any CPU
		{0B5E8F7C-7747-42BF-86CB-74E5A3534599}.Release|Any CPU.ActiveCfg = Release|Any CPU
		{0B5E8F7C-7747-42BF-86CB-74E5A3534599}.Release|Any CPU.Build.0 = Release|Any CPU
	EndGlobalSection
	GlobalSection(SolutionProperties) = preSolution
		HideSolutionNode = FALSE
	EndGlobalSection
	GlobalSection(ExtensibilityGlobals) = postSolution
		SolutionGuid = {E4B1D136-6583-4FD9-824A-2BB9A76E9ABB}
	EndGlobalSection
EndGlobal
